
Microsoft Visual Studio Solution File, Format Version 12.00
# Visual Studio 15
VisualStudioVersion = 15.0.28010.2026
MinimumVisualStudioVersion = 10.0.40219.1
Project("{FAE04EC0-301F-11D3-BF4B-00C04F79EFBC}") = "SnowyAlexaSkill.Web", "SnowyAlexaSkill.Web\SnowyAlexaSkill.Web.csproj", "{6FADD565-9BCB-4A67-B9F8-BC77F7DC6061}"
EndProject
Project("{FAE04EC0-301F-11D3-BF4B-00C04F79EFBC}") = "SnowyAlexa.Data", "SnowyAlexa.Data\SnowyAlexa.Data.csproj", "{0B2B6245-0171-4582-B95E-5E66225F9C3A}"
EndProject
Global
	GlobalSection(SolutionConfigurationPlatforms) = preSolution
		Debug|Any CPU = Debug|Any CPU
		Release|Any CPU = Release|Any CPU
	EndGlobalSection
	GlobalSection(ProjectConfigurationPlatforms) = postSolution
		{6FADD565-9BCB-4A67-B9F8-BC77F7DC6061}.Debug|Any CPU.ActiveCfg = Debug|Any CPU
		{6FADD565-9BCB-4A67-B9F8-BC77F7DC6061}.Debug|Any CPU.Build.0 = Debug|Any CPU
		{6FADD565-9BCB-4A67-B9F8-BC77F7DC6061}.Release|Any CPU.ActiveCfg = Release|Any CPU
		{6FADD565-9BCB-4A67-B9F8-BC77F7DC6061}.Release|Any CPU.Build.0 = Release|Any CPU
		{0B2B6245-0171-4582-B95E-5E66225F9C3A}.Debug|Any CPU.ActiveCfg = Debug|Any CPU
		{0B2B6245-0171-4582-B95E-5E66225F9C3A}.Debug|Any CPU.Build.0 = Debug|Any CPU
		{0B2B6245-0171-4582-B95E-5E66225F9C3A}.Release|Any CPU.ActiveCfg = Release|Any CPU
		{0B2B6245-0171-4582-B95E-5E66225F9C3A}.Release|Any CPU.Build.0 = Release|Any CPU
	EndGlobalSection
	GlobalSection(SolutionProperties) = preSolution
		HideSolutionNode = FALSE
	EndGlobalSection
	GlobalSection(ExtensibilityGlobals) = postSolution
		SolutionGuid = {E8216848-BE55-45A0-84C0-35039B51E681}
	EndGlobalSection
EndGlobal
