
Microsoft Visual Studio Solution File, Format Version 12.00
# Visual Studio 14
VisualStudioVersion = 14.0.24720.0
MinimumVisualStudioVersion = 10.0.40219.1
Project("{FAE04EC0-301F-11D3-BF4B-00C04F79EFBC}") = "AlexaSkill.Web", "AlexaSkill\AlexaSkill.Web.csproj", "{09DE9BEB-81EE-4E86-ADA4-54169B427F91}"
EndProject
Project("{FAE04EC0-301F-11D3-BF4B-00C04F79EFBC}") = "AlexaSkill.Data", "AlexaSkill.Data\AlexaSkill.Data.csproj", "{3BA027E3-3BEF-47F4-8523-8AE94A6E3E1C}"
EndProject
Global
	GlobalSection(SolutionConfigurationPlatforms) = preSolution
		Debug|Any CPU = Debug|Any CPU
		Release|Any CPU = Release|Any CPU
	EndGlobalSection
	GlobalSection(ProjectConfigurationPlatforms) = postSolution
		{09DE9BEB-81EE-4E86-ADA4-54169B427F91}.Debug|Any CPU.ActiveCfg = Debug|Any CPU
		{09DE9BEB-81EE-4E86-ADA4-54169B427F91}.Debug|Any CPU.Build.0 = Debug|Any CPU
		{09DE9BEB-81EE-4E86-ADA4-54169B427F91}.Release|Any CPU.ActiveCfg = Release|Any CPU
		{09DE9BEB-81EE-4E86-ADA4-54169B427F91}.Release|Any CPU.Build.0 = Release|Any CPU
		{3BA027E3-3BEF-47F4-8523-8AE94A6E3E1C}.Debug|Any CPU.ActiveCfg = Debug|Any CPU
		{3BA027E3-3BEF-47F4-8523-8AE94A6E3E1C}.Debug|Any CPU.Build.0 = Debug|Any CPU
		{3BA027E3-3BEF-47F4-8523-8AE94A6E3E1C}.Release|Any CPU.ActiveCfg = Release|Any CPU
		{3BA027E3-3BEF-47F4-8523-8AE94A6E3E1C}.Release|Any CPU.Build.0 = Release|Any CPU
	EndGlobalSection
	GlobalSection(SolutionProperties) = preSolution
		HideSolutionNode = FALSE
	EndGlobalSection
EndGlobal
